
Microsoft Visual Studio Solution File, Format Version 12.00
# Visual Studio 15
VisualStudioVersion = 15.0.28010.2041
MinimumVisualStudioVersion = 10.0.40219.1
Project("{FAE04EC0-301F-11D3-BF4B-00C04F79EFBC}") = "MinPro180.MVC", "MinPro180.MVC\MinPro180.MVC.csproj", "{94AE3BA9-EB0C-481D-96CA-2CA72135726F}"
EndProject
Project("{FAE04EC0-301F-11D3-BF4B-00C04F79EFBC}") = "MinPro180.Tests", "MinPro180.Tests\MinPro180.Tests.csproj", "{AFF54AEC-C0FA-4C62-8EDE-972C0B12F8D4}"
EndProject
Project("{FAE04EC0-301F-11D3-BF4B-00C04F79EFBC}") = "MinPro180.DataModel", "MinPro180.DataModel\MinPro180.DataModel.csproj", "{182BDFC7-AB96-45ED-9B69-97B73CAA817A}"
EndProject
Project("{FAE04EC0-301F-11D3-BF4B-00C04F79EFBC}") = "MinPro180.ViewModel", "MinPro180.ViewModel\MinPro180.ViewModel.csproj", "{60978D3F-C96E-4177-9919-347312433D9F}"
EndProject
Project("{FAE04EC0-301F-11D3-BF4B-00C04F79EFBC}") = "MinPro180.Repository", "MinPro180.Repository\MinPro180.Repository.csproj", "{A3A34758-E259-43A7-929B-7613D496F9DF}"
EndProject
Global
	GlobalSection(SolutionConfigurationPlatforms) = preSolution
		Debug|Any CPU = Debug|Any CPU
		Release|Any CPU = Release|Any CPU
	EndGlobalSection
	GlobalSection(ProjectConfigurationPlatforms) = postSolution
		{94AE3BA9-EB0C-481D-96CA-2CA72135726F}.Debug|Any CPU.ActiveCfg = Debug|Any CPU
		{94AE3BA9-EB0C-481D-96CA-2CA72135726F}.Debug|Any CPU.Build.0 = Debug|Any CPU
		{94AE3BA9-EB0C-481D-96CA-2CA72135726F}.Release|Any CPU.ActiveCfg = Release|Any CPU
		{94AE3BA9-EB0C-481D-96CA-2CA72135726F}.Release|Any CPU.Build.0 = Release|Any CPU
		{AFF54AEC-C0FA-4C62-8EDE-972C0B12F8D4}.Debug|Any CPU.ActiveCfg = Debug|Any CPU
		{AFF54AEC-C0FA-4C62-8EDE-972C0B12F8D4}.Debug|Any CPU.Build.0 = Debug|Any CPU
		{AFF54AEC-C0FA-4C62-8EDE-972C0B12F8D4}.Release|Any CPU.ActiveCfg = Release|Any CPU
		{AFF54AEC-C0FA-4C62-8EDE-972C0B12F8D4}.Release|Any CPU.Build.0 = Release|Any CPU
		{182BDFC7-AB96-45ED-9B69-97B73CAA817A}.Debug|Any CPU.ActiveCfg = Debug|Any CPU
		{182BDFC7-AB96-45ED-9B69-97B73CAA817A}.Debug|Any CPU.Build.0 = Debug|Any CPU
		{182BDFC7-AB96-45ED-9B69-97B73CAA817A}.Release|Any CPU.ActiveCfg = Release|Any CPU
		{182BDFC7-AB96-45ED-9B69-97B73CAA817A}.Release|Any CPU.Build.0 = Release|Any CPU
		{60978D3F-C96E-4177-9919-347312433D9F}.Debug|Any CPU.ActiveCfg = Debug|Any CPU
		{60978D3F-C96E-4177-9919-347312433D9F}.Debug|Any CPU.Build.0 = Debug|Any CPU
		{60978D3F-C96E-4177-9919-347312433D9F}.Release|Any CPU.ActiveCfg = Release|Any CPU
		{60978D3F-C96E-4177-9919-347312433D9F}.Release|Any CPU.Build.0 = Release|Any CPU
		{A3A34758-E259-43A7-929B-7613D496F9DF}.Debug|Any CPU.ActiveCfg = Debug|Any CPU
		{A3A34758-E259-43A7-929B-7613D496F9DF}.Debug|Any CPU.Build.0 = Debug|Any CPU
		{A3A34758-E259-43A7-929B-7613D496F9DF}.Release|Any CPU.ActiveCfg = Release|Any CPU
		{A3A34758-E259-43A7-929B-7613D496F9DF}.Release|Any CPU.Build.0 = Release|Any CPU
	EndGlobalSection
	GlobalSection(SolutionProperties) = preSolution
		HideSolutionNode = FALSE
	EndGlobalSection
	GlobalSection(ExtensibilityGlobals) = postSolution
		SolutionGuid = {8C4CC807-28C1-4778-B722-3720FE640EC9}
	EndGlobalSection
EndGlobal
