
Microsoft Visual Studio Solution File, Format Version 12.00
# Visual Studio 15
VisualStudioVersion = 15.0.28010.2041
MinimumVisualStudioVersion = 10.0.40219.1
Project("{FAE04EC0-301F-11D3-BF4B-00C04F79EFBC}") = "MinPro180.MVC", "MinPro180.MVC\MinPro180.MVC.csproj", "{94AE3BA9-EB0C-481D-96CA-2CA72135726F}"
EndProject
Project("{FAE04EC0-301F-11D3-BF4B-00C04F79EFBC}") = "MinPro180.Tests", "MinPro180.Tests\MinPro180.Tests.csproj", "{AFF54AEC-C0FA-4C62-8EDE-972C0B12F8D4}"
EndProject
Global
	GlobalSection(SolutionConfigurationPlatforms) = preSolution
		Debug|Any CPU = Debug|Any CPU
		Release|Any CPU = Release|Any CPU
	EndGlobalSection
	GlobalSection(ProjectConfigurationPlatforms) = postSolution
		{94AE3BA9-EB0C-481D-96CA-2CA72135726F}.Debug|Any CPU.ActiveCfg = Debug|Any CPU
		{94AE3BA9-EB0C-481D-96CA-2CA72135726F}.Debug|Any CPU.Build.0 = Debug|Any CPU
		{94AE3BA9-EB0C-481D-96CA-2CA72135726F}.Release|Any CPU.ActiveCfg = Release|Any CPU
		{94AE3BA9-EB0C-481D-96CA-2CA72135726F}.Release|Any CPU.Build.0 = Release|Any CPU
		{AFF54AEC-C0FA-4C62-8EDE-972C0B12F8D4}.Debug|Any CPU.ActiveCfg = Debug|Any CPU
		{AFF54AEC-C0FA-4C62-8EDE-972C0B12F8D4}.Debug|Any CPU.Build.0 = Debug|Any CPU
		{AFF54AEC-C0FA-4C62-8EDE-972C0B12F8D4}.Release|Any CPU.ActiveCfg = Release|Any CPU
		{AFF54AEC-C0FA-4C62-8EDE-972C0B12F8D4}.Release|Any CPU.Build.0 = Release|Any CPU
	EndGlobalSection
	GlobalSection(SolutionProperties) = preSolution
		HideSolutionNode = FALSE
	EndGlobalSection
	GlobalSection(ExtensibilityGlobals) = postSolution
		SolutionGuid = {8C4CC807-28C1-4778-B722-3720FE640EC9}
	EndGlobalSection
EndGlobal
